// !$*UTF8*$!
{
	archiveVersion = 1;
	classes = {
	};
	objectVersion = 50;
	objects = {

/* Begin PBXBuildFile section */
		4C8A57C62582868D001948A6 /* AppDelegate.swift in Sources */ = {isa = PBXBuildFile; fileRef = 4C8A57C52582868D001948A6 /* AppDelegate.swift */; };
		4C8A57C82582868D001948A6 /* SceneDelegate.swift in Sources */ = {isa = PBXBuildFile; fileRef = 4C8A57C72582868D001948A6 /* SceneDelegate.swift */; };
		4C8A57CA2582868D001948A6 /* ViewController.swift in Sources */ = {isa = PBXBuildFile; fileRef = 4C8A57C92582868D001948A6 /* ViewController.swift */; };
		4C8A57CD2582868D001948A6 /* Main.storyboard in Resources */ = {isa = PBXBuildFile; fileRef = 4C8A57CB2582868D001948A6 /* Main.storyboard */; };
		4C8A57CF25828691001948A6 /* Assets.xcassets in Resources */ = {isa = PBXBuildFile; fileRef = 4C8A57CE25828691001948A6 /* Assets.xcassets */; };
		4C8A57D225828691001948A6 /* LaunchScreen.storyboard in Resources */ = {isa = PBXBuildFile; fileRef = 4C8A57D025828691001948A6 /* LaunchScreen.storyboard */; };
		4C8A57DD25828691001948A6 /* XRAITests.swift in Sources */ = {isa = PBXBuildFile; fileRef = 4C8A57DC25828691001948A6 /* XRAITests.swift */; };
		4C8A57E825828691001948A6 /* XRAIUITests.swift in Sources */ = {isa = PBXBuildFile; fileRef = 4C8A57E725828691001948A6 /* XRAIUITests.swift */; };
/* End PBXBuildFile section */

/* Begin PBXContainerItemProxy section */
		4C8A57D925828691001948A6 /* PBXContainerItemProxy */ = {
			isa = PBXContainerItemProxy;
			containerPortal = 4C8A57BA2582868D001948A6 /* Project object */;
			proxyType = 1;
			remoteGlobalIDString = 4C8A57C12582868D001948A6;
			remoteInfo = XRAI;
		};
		4C8A57E425828691001948A6 /* PBXContainerItemProxy */ = {
			isa = PBXContainerItemProxy;
			containerPortal = 4C8A57BA2582868D001948A6 /* Project object */;
			proxyType = 1;
			remoteGlobalIDString = 4C8A57C12582868D001948A6;
			remoteInfo = XRAI;
		};
/* End PBXContainerItemProxy section */

/* Begin PBXFileReference section */
		4C8A57C22582868D001948A6 /* XRAI.app */ = {isa = PBXFileReference; explicitFileType = wrapper.application; includeInIndex = 0; path = XRAI.app; sourceTree = BUILT_PRODUCTS_DIR; };
		4C8A57C52582868D001948A6 /* AppDelegate.swift */ = {isa = PBXFileReference; lastKnownFileType = sourcecode.swift; path = AppDelegate.swift; sourceTree = "<group>"; };
		4C8A57C72582868D001948A6 /* SceneDelegate.swift */ = {isa = PBXFileReference; lastKnownFileType = sourcecode.swift; path = SceneDelegate.swift; sourceTree = "<group>"; };
		4C8A57C92582868D001948A6 /* ViewController.swift */ = {isa = PBXFileReference; lastKnownFileType = sourcecode.swift; path = ViewController.swift; sourceTree = "<group>"; };
		4C8A57CC2582868D001948A6 /* Base */ = {isa = PBXFileReference; lastKnownFileType = file.storyboard; name = Base; path = Base.lproj/Main.storyboard; sourceTree = "<group>"; };
		4C8A57CE25828691001948A6 /* Assets.xcassets */ = {isa = PBXFileReference; lastKnownFileType = folder.assetcatalog; path = Assets.xcassets; sourceTree = "<group>"; };
		4C8A57D125828691001948A6 /* Base */ = {isa = PBXFileReference; lastKnownFileType = file.storyboard; name = Base; path = Base.lproj/LaunchScreen.storyboard; sourceTree = "<group>"; };
		4C8A57D325828691001948A6 /* Info.plist */ = {isa = PBXFileReference; lastKnownFileType = text.plist.xml; path = Info.plist; sourceTree = "<group>"; };
		4C8A57D825828691001948A6 /* XRAITests.xctest */ = {isa = PBXFileReference; explicitFileType = wrapper.cfbundle; includeInIndex = 0; path = XRAITests.xctest; sourceTree = BUILT_PRODUCTS_DIR; };
		4C8A57DC25828691001948A6 /* XRAITests.swift */ = {isa = PBXFileReference; lastKnownFileType = sourcecode.swift; path = XRAITests.swift; sourceTree = "<group>"; };
		4C8A57DE25828691001948A6 /* Info.plist */ = {isa = PBXFileReference; lastKnownFileType = text.plist.xml; path = Info.plist; sourceTree = "<group>"; };
		4C8A57E325828691001948A6 /* XRAIUITests.xctest */ = {isa = PBXFileReference; explicitFileType = wrapper.cfbundle; includeInIndex = 0; path = XRAIUITests.xctest; sourceTree = BUILT_PRODUCTS_DIR; };
		4C8A57E725828691001948A6 /* XRAIUITests.swift */ = {isa = PBXFileReference; lastKnownFileType = sourcecode.swift; path = XRAIUITests.swift; sourceTree = "<group>"; };
		4C8A57E925828691001948A6 /* Info.plist */ = {isa = PBXFileReference; lastKnownFileType = text.plist.xml; path = Info.plist; sourceTree = "<group>"; };
/* End PBXFileReference section */

/* Begin PBXFrameworksBuildPhase section */
		4C8A57BF2582868D001948A6 /* Frameworks */ = {
			isa = PBXFrameworksBuildPhase;
			buildActionMask = 2147483647;
			files = (
			);
			runOnlyForDeploymentPostprocessing = 0;
		};
		4C8A57D525828691001948A6 /* Frameworks */ = {
			isa = PBXFrameworksBuildPhase;
			buildActionMask = 2147483647;
			files = (
			);
			runOnlyForDeploymentPostprocessing = 0;
		};
		4C8A57E025828691001948A6 /* Frameworks */ = {
			isa = PBXFrameworksBuildPhase;
			buildActionMask = 2147483647;
			files = (
			);
			runOnlyForDeploymentPostprocessing = 0;
		};
/* End PBXFrameworksBuildPhase section */

/* Begin PBXGroup section */
		4C8A57B92582868D001948A6 = {
			isa = PBXGroup;
			children = (
				4C8A57C42582868D001948A6 /* XRAI */,
				4C8A57DB25828691001948A6 /* XRAITests */,
				4C8A57E625828691001948A6 /* XRAIUITests */,
				4C8A57C32582868D001948A6 /* Products */,
			);
			sourceTree = "<group>";
		};
		4C8A57C32582868D001948A6 /* Products */ = {
			isa = PBXGroup;
			children = (
				4C8A57C22582868D001948A6 /* XRAI.app */,
				4C8A57D825828691001948A6 /* XRAITests.xctest */,
				4C8A57E325828691001948A6 /* XRAIUITests.xctest */,
			);
			name = Products;
			sourceTree = "<group>";
		};
		4C8A57C42582868D001948A6 /* XRAI */ = {
			isa = PBXGroup;
			children = (
				4C8A57C52582868D001948A6 /* AppDelegate.swift */,
				4C8A57C72582868D001948A6 /* SceneDelegate.swift */,
				4C8A57C92582868D001948A6 /* ViewController.swift */,
				4C8A57CB2582868D001948A6 /* Main.storyboard */,
				4C8A57CE25828691001948A6 /* Assets.xcassets */,
				4C8A57D025828691001948A6 /* LaunchScreen.storyboard */,
				4C8A57D325828691001948A6 /* Info.plist */,
			);
			path = XRAI;
			sourceTree = "<group>";
		};
		4C8A57DB25828691001948A6 /* XRAITests */ = {
			isa = PBXGroup;
			children = (
				4C8A57DC25828691001948A6 /* XRAITests.swift */,
				4C8A57DE25828691001948A6 /* Info.plist */,
			);
			path = XRAITests;
			sourceTree = "<group>";
		};
		4C8A57E625828691001948A6 /* XRAIUITests */ = {
			isa = PBXGroup;
			children = (
				4C8A57E725828691001948A6 /* XRAIUITests.swift */,
				4C8A57E925828691001948A6 /* Info.plist */,
			);
			path = XRAIUITests;
			sourceTree = "<group>";
		};
/* End PBXGroup section */

/* Begin PBXNativeTarget section */
		4C8A57C12582868D001948A6 /* XRAI */ = {
			isa = PBXNativeTarget;
			buildConfigurationList = 4C8A57EC25828691001948A6 /* Build configuration list for PBXNativeTarget "XRAI" */;
			buildPhases = (
				4C8A57BE2582868D001948A6 /* Sources */,
				4C8A57BF2582868D001948A6 /* Frameworks */,
				4C8A57C02582868D001948A6 /* Resources */,
			);
			buildRules = (
			);
			dependencies = (
			);
			name = XRAI;
			productName = XRAI;
			productReference = 4C8A57C22582868D001948A6 /* XRAI.app */;
			productType = "com.apple.product-type.application";
		};
		4C8A57D725828691001948A6 /* XRAITests */ = {
			isa = PBXNativeTarget;
			buildConfigurationList = 4C8A57EF25828691001948A6 /* Build configuration list for PBXNativeTarget "XRAITests" */;
			buildPhases = (
				4C8A57D425828691001948A6 /* Sources */,
				4C8A57D525828691001948A6 /* Frameworks */,
				4C8A57D625828691001948A6 /* Resources */,
			);
			buildRules = (
			);
			dependencies = (
				4C8A57DA25828691001948A6 /* PBXTargetDependency */,
			);
			name = XRAITests;
			productName = XRAITests;
			productReference = 4C8A57D825828691001948A6 /* XRAITests.xctest */;
			productType = "com.apple.product-type.bundle.unit-test";
		};
		4C8A57E225828691001948A6 /* XRAIUITests */ = {
			isa = PBXNativeTarget;
			buildConfigurationList = 4C8A57F225828691001948A6 /* Build configuration list for PBXNativeTarget "XRAIUITests" */;
			buildPhases = (
				4C8A57DF25828691001948A6 /* Sources */,
				4C8A57E025828691001948A6 /* Frameworks */,
				4C8A57E125828691001948A6 /* Resources */,
			);
			buildRules = (
			);
			dependencies = (
				4C8A57E525828691001948A6 /* PBXTargetDependency */,
			);
			name = XRAIUITests;
			productName = XRAIUITests;
			productReference = 4C8A57E325828691001948A6 /* XRAIUITests.xctest */;
			productType = "com.apple.product-type.bundle.ui-testing";
		};
/* End PBXNativeTarget section */

/* Begin PBXProject section */
		4C8A57BA2582868D001948A6 /* Project object */ = {
			isa = PBXProject;
			attributes = {
				LastSwiftUpdateCheck = 1200;
				LastUpgradeCheck = 1200;
				TargetAttributes = {
					4C8A57C12582868D001948A6 = {
						CreatedOnToolsVersion = 12.0.1;
					};
					4C8A57D725828691001948A6 = {
						CreatedOnToolsVersion = 12.0.1;
						TestTargetID = 4C8A57C12582868D001948A6;
					};
					4C8A57E225828691001948A6 = {
						CreatedOnToolsVersion = 12.0.1;
						TestTargetID = 4C8A57C12582868D001948A6;
					};
				};
			};
			buildConfigurationList = 4C8A57BD2582868D001948A6 /* Build configuration list for PBXProject "XRAI" */;
			compatibilityVersion = "Xcode 9.3";
			developmentRegion = en;
			hasScannedForEncodings = 0;
			knownRegions = (
				en,
				Base,
			);
			mainGroup = 4C8A57B92582868D001948A6;
			productRefGroup = 4C8A57C32582868D001948A6 /* Products */;
			projectDirPath = "";
			projectRoot = "";
			targets = (
				4C8A57C12582868D001948A6 /* XRAI */,
				4C8A57D725828691001948A6 /* XRAITests */,
				4C8A57E225828691001948A6 /* XRAIUITests */,
			);
		};
/* End PBXProject section */

/* Begin PBXResourcesBuildPhase section */
		4C8A57C02582868D001948A6 /* Resources */ = {
			isa = PBXResourcesBuildPhase;
			buildActionMask = 2147483647;
			files = (
				4C8A57D225828691001948A6 /* LaunchScreen.storyboard in Resources */,
				4C8A57CF25828691001948A6 /* Assets.xcassets in Resources */,
				4C8A57CD2582868D001948A6 /* Main.storyboard in Resources */,
			);
			runOnlyForDeploymentPostprocessing = 0;
		};
		4C8A57D625828691001948A6 /* Resources */ = {
			isa = PBXResourcesBuildPhase;
			buildActionMask = 2147483647;
			files = (
			);
			runOnlyForDeploymentPostprocessing = 0;
		};
		4C8A57E125828691001948A6 /* Resources */ = {
			isa = PBXResourcesBuildPhase;
			buildActionMask = 2147483647;
			files = (
			);
			runOnlyForDeploymentPostprocessing = 0;
		};
/* End PBXResourcesBuildPhase section */

/* Begin PBXSourcesBuildPhase section */
		4C8A57BE2582868D001948A6 /* Sources */ = {
			isa = PBXSourcesBuildPhase;
			buildActionMask = 2147483647;
			files = (
				4C8A57CA2582868D001948A6 /* ViewController.swift in Sources */,
				4C8A57C62582868D001948A6 /* AppDelegate.swift in Sources */,
				4C8A57C82582868D001948A6 /* SceneDelegate.swift in Sources */,
			);
			runOnlyForDeploymentPostprocessing = 0;
		};
		4C8A57D425828691001948A6 /* Sources */ = {
			isa = PBXSourcesBuildPhase;
			buildActionMask = 2147483647;
			files = (
				4C8A57DD25828691001948A6 /* XRAITests.swift in Sources */,
			);
			runOnlyForDeploymentPostprocessing = 0;
		};
		4C8A57DF25828691001948A6 /* Sources */ = {
			isa = PBXSourcesBuildPhase;
			buildActionMask = 2147483647;
			files = (
				4C8A57E825828691001948A6 /* XRAIUITests.swift in Sources */,
			);
			runOnlyForDeploymentPostprocessing = 0;
		};
/* End PBXSourcesBuildPhase section */

/* Begin PBXTargetDependency section */
		4C8A57DA25828691001948A6 /* PBXTargetDependency */ = {
			isa = PBXTargetDependency;
			target = 4C8A57C12582868D001948A6 /* XRAI */;
			targetProxy = 4C8A57D925828691001948A6 /* PBXContainerItemProxy */;
		};
		4C8A57E525828691001948A6 /* PBXTargetDependency */ = {
			isa = PBXTargetDependency;
			target = 4C8A57C12582868D001948A6 /* XRAI */;
			targetProxy = 4C8A57E425828691001948A6 /* PBXContainerItemProxy */;
		};
/* End PBXTargetDependency section */

/* Begin PBXVariantGroup section */
		4C8A57CB2582868D001948A6 /* Main.storyboard */ = {
			isa = PBXVariantGroup;
			children = (
				4C8A57CC2582868D001948A6 /* Base */,
			);
			name = Main.storyboard;
			sourceTree = "<group>";
		};
		4C8A57D025828691001948A6 /* LaunchScreen.storyboard */ = {
			isa = PBXVariantGroup;
			children = (
				4C8A57D125828691001948A6 /* Base */,
			);
			name = LaunchScreen.storyboard;
			sourceTree = "<group>";
		};
/* End PBXVariantGroup section */

/* Begin XCBuildConfiguration section */
		4C8A57EA25828691001948A6 /* Debug */ = {
			isa = XCBuildConfiguration;
			buildSettings = {
				ALWAYS_SEARCH_USER_PATHS = NO;
				CLANG_ANALYZER_NONNULL = YES;
				CLANG_ANALYZER_NUMBER_OBJECT_CONVERSION = YES_AGGRESSIVE;
				CLANG_CXX_LANGUAGE_STANDARD = "gnu++14";
				CLANG_CXX_LIBRARY = "libc++";
				CLANG_ENABLE_MODULES = YES;
				CLANG_ENABLE_OBJC_ARC = YES;
				CLANG_ENABLE_OBJC_WEAK = YES;
				CLANG_WARN_BLOCK_CAPTURE_AUTORELEASING = YES;
				CLANG_WARN_BOOL_CONVERSION = YES;
				CLANG_WARN_COMMA = YES;
				CLANG_WARN_CONSTANT_CONVERSION = YES;
				CLANG_WARN_DEPRECATED_OBJC_IMPLEMENTATIONS = YES;
				CLANG_WARN_DIRECT_OBJC_ISA_USAGE = YES_ERROR;
				CLANG_WARN_DOCUMENTATION_COMMENTS = YES;
				CLANG_WARN_EMPTY_BODY = YES;
				CLANG_WARN_ENUM_CONVERSION = YES;
				CLANG_WARN_INFINITE_RECURSION = YES;
				CLANG_WARN_INT_CONVERSION = YES;
				CLANG_WARN_NON_LITERAL_NULL_CONVERSION = YES;
				CLANG_WARN_OBJC_IMPLICIT_RETAIN_SELF = YES;
				CLANG_WARN_OBJC_LITERAL_CONVERSION = YES;
				CLANG_WARN_OBJC_ROOT_CLASS = YES_ERROR;
				CLANG_WARN_QUOTED_INCLUDE_IN_FRAMEWORK_HEADER = YES;
				CLANG_WARN_RANGE_LOOP_ANALYSIS = YES;
				CLANG_WARN_STRICT_PROTOTYPES = YES;
				CLANG_WARN_SUSPICIOUS_MOVE = YES;
				CLANG_WARN_UNGUARDED_AVAILABILITY = YES_AGGRESSIVE;
				CLANG_WARN_UNREACHABLE_CODE = YES;
				CLANG_WARN__DUPLICATE_METHOD_MATCH = YES;
				COPY_PHASE_STRIP = NO;
				DEBUG_INFORMATION_FORMAT = dwarf;
				ENABLE_STRICT_OBJC_MSGSEND = YES;
				ENABLE_TESTABILITY = YES;
				GCC_C_LANGUAGE_STANDARD = gnu11;
				GCC_DYNAMIC_NO_PIC = NO;
				GCC_NO_COMMON_BLOCKS = YES;
				GCC_OPTIMIZATION_LEVEL = 0;
				GCC_PREPROCESSOR_DEFINITIONS = (
					"DEBUG=1",
					"$(inherited)",
				);
				GCC_WARN_64_TO_32_BIT_CONVERSION = YES;
				GCC_WARN_ABOUT_RETURN_TYPE = YES_ERROR;
				GCC_WARN_UNDECLARED_SELECTOR = YES;
				GCC_WARN_UNINITIALIZED_AUTOS = YES_AGGRESSIVE;
				GCC_WARN_UNUSED_FUNCTION = YES;
				GCC_WARN_UNUSED_VARIABLE = YES;
				IPHONEOS_DEPLOYMENT_TARGET = 14.0;
				MTL_ENABLE_DEBUG_INFO = INCLUDE_SOURCE;
				MTL_FAST_MATH = YES;
				ONLY_ACTIVE_ARCH = YES;
				SDKROOT = iphoneos;
				SWIFT_ACTIVE_COMPILATION_CONDITIONS = DEBUG;
				SWIFT_OPTIMIZATION_LEVEL = "-Onone";
			};
			name = Debug;
		};
		4C8A57EB25828691001948A6 /* Release */ = {
			isa = XCBuildConfiguration;
			buildSettings = {
				ALWAYS_SEARCH_USER_PATHS = NO;
				CLANG_ANALYZER_NONNULL = YES;
				CLANG_ANALYZER_NUMBER_OBJECT_CONVERSION = YES_AGGRESSIVE;
				CLANG_CXX_LANGUAGE_STANDARD = "gnu++14";
				CLANG_CXX_LIBRARY = "libc++";
				CLANG_ENABLE_MODULES = YES;
				CLANG_ENABLE_OBJC_ARC = YES;
				CLANG_ENABLE_OBJC_WEAK = YES;
				CLANG_WARN_BLOCK_CAPTURE_AUTORELEASING = YES;
				CLANG_WARN_BOOL_CONVERSION = YES;
				CLANG_WARN_COMMA = YES;
				CLANG_WARN_CONSTANT_CONVERSION = YES;
				CLANG_WARN_DEPRECATED_OBJC_IMPLEMENTATIONS = YES;
				CLANG_WARN_DIRECT_OBJC_ISA_USAGE = YES_ERROR;
				CLANG_WARN_DOCUMENTATION_COMMENTS = YES;
				CLANG_WARN_EMPTY_BODY = YES;
				CLANG_WARN_ENUM_CONVERSION = YES;
				CLANG_WARN_INFINITE_RECURSION = YES;
				CLANG_WARN_INT_CONVERSION = YES;
				CLANG_WARN_NON_LITERAL_NULL_CONVERSION = YES;
				CLANG_WARN_OBJC_IMPLICIT_RETAIN_SELF = YES;
				CLANG_WARN_OBJC_LITERAL_CONVERSION = YES;
				CLANG_WARN_OBJC_ROOT_CLASS = YES_ERROR;
				CLANG_WARN_QUOTED_INCLUDE_IN_FRAMEWORK_HEADER = YES;
				CLANG_WARN_RANGE_LOOP_ANALYSIS = YES;
				CLANG_WARN_STRICT_PROTOTYPES = YES;
				CLANG_WARN_SUSPICIOUS_MOVE = YES;
				CLANG_WARN_UNGUARDED_AVAILABILITY = YES_AGGRESSIVE;
				CLANG_WARN_UNREACHABLE_CODE = YES;
				CLANG_WARN__DUPLICATE_METHOD_MATCH = YES;
				COPY_PHASE_STRIP = NO;
				DEBUG_INFORMATION_FORMAT = "dwarf-with-dsym";
				ENABLE_NS_ASSERTIONS = NO;
				ENABLE_STRICT_OBJC_MSGSEND = YES;
				GCC_C_LANGUAGE_STANDARD = gnu11;
				GCC_NO_COMMON_BLOCKS = YES;
				GCC_WARN_64_TO_32_BIT_CONVERSION = YES;
				GCC_WARN_ABOUT_RETURN_TYPE = YES_ERROR;
				GCC_WARN_UNDECLARED_SELECTOR = YES;
				GCC_WARN_UNINITIALIZED_AUTOS = YES_AGGRESSIVE;
				GCC_WARN_UNUSED_FUNCTION = YES;
				GCC_WARN_UNUSED_VARIABLE = YES;
				IPHONEOS_DEPLOYMENT_TARGET = 14.0;
				MTL_ENABLE_DEBUG_INFO = NO;
				MTL_FAST_MATH = YES;
				SDKROOT = iphoneos;
				SWIFT_COMPILATION_MODE = wholemodule;
				SWIFT_OPTIMIZATION_LEVEL = "-O";
				VALIDATE_PRODUCT = YES;
			};
			name = Release;
		};
		4C8A57ED25828691001948A6 /* Debug */ = {
			isa = XCBuildConfiguration;
			buildSettings = {
				ASSETCATALOG_COMPILER_APPICON_NAME = AppIcon;
				ASSETCATALOG_COMPILER_GLOBAL_ACCENT_COLOR_NAME = AccentColor;
				CODE_SIGN_STYLE = Automatic;
				DEVELOPMENT_TEAM = Q2WJ7VT82Z;
				INFOPLIST_FILE = XRAI/Info.plist;
				LD_RUNPATH_SEARCH_PATHS = (
					"$(inherited)",
					"@executable_path/Frameworks",
				);
				PRODUCT_BUNDLE_IDENTIFIER = "nass---co.XRAI";
				PRODUCT_NAME = "$(TARGET_NAME)";
				SWIFT_VERSION = 5.0;
				TARGETED_DEVICE_FAMILY = "1,2";
			};
			name = Debug;
		};
		4C8A57EE25828691001948A6 /* Release */ = {
			isa = XCBuildConfiguration;
			buildSettings = {
				ASSETCATALOG_COMPILER_APPICON_NAME = AppIcon;
				ASSETCATALOG_COMPILER_GLOBAL_ACCENT_COLOR_NAME = AccentColor;
				CODE_SIGN_STYLE = Automatic;
				DEVELOPMENT_TEAM = Q2WJ7VT82Z;
				INFOPLIST_FILE = XRAI/Info.plist;
				LD_RUNPATH_SEARCH_PATHS = (
					"$(inherited)",
					"@executable_path/Frameworks",
				);
				PRODUCT_BUNDLE_IDENTIFIER = "nass---co.XRAI";
				PRODUCT_NAME = "$(TARGET_NAME)";
				SWIFT_VERSION = 5.0;
				TARGETED_DEVICE_FAMILY = "1,2";
			};
			name = Release;
		};
		4C8A57F025828691001948A6 /* Debug */ = {
			isa = XCBuildConfiguration;
			buildSettings = {
				ALWAYS_EMBED_SWIFT_STANDARD_LIBRARIES = YES;
				BUNDLE_LOADER = "$(TEST_HOST)";
				CODE_SIGN_STYLE = Automatic;
				DEVELOPMENT_TEAM = Q2WJ7VT82Z;
				INFOPLIST_FILE = XRAITests/Info.plist;
				IPHONEOS_DEPLOYMENT_TARGET = 14.0;
				LD_RUNPATH_SEARCH_PATHS = (
					"$(inherited)",
					"@executable_path/Frameworks",
					"@loader_path/Frameworks",
				);
				PRODUCT_BUNDLE_IDENTIFIER = "nass---co.XRAITests";
				PRODUCT_NAME = "$(TARGET_NAME)";
				SWIFT_VERSION = 5.0;
				TARGETED_DEVICE_FAMILY = "1,2";
				TEST_HOST = "$(BUILT_PRODUCTS_DIR)/XRAI.app/XRAI";
			};
			name = Debug;
		};
		4C8A57F125828691001948A6 /* Release */ = {
			isa = XCBuildConfiguration;
			buildSettings = {
				ALWAYS_EMBED_SWIFT_STANDARD_LIBRARIES = YES;
				BUNDLE_LOADER = "$(TEST_HOST)";
				CODE_SIGN_STYLE = Automatic;
				DEVELOPMENT_TEAM = Q2WJ7VT82Z;
				INFOPLIST_FILE = XRAITests/Info.plist;
				IPHONEOS_DEPLOYMENT_TARGET = 14.0;
				LD_RUNPATH_SEARCH_PATHS = (
					"$(inherited)",
					"@executable_path/Frameworks",
					"@loader_path/Frameworks",
				);
				PRODUCT_BUNDLE_IDENTIFIER = "nass---co.XRAITests";
				PRODUCT_NAME = "$(TARGET_NAME)";
				SWIFT_VERSION = 5.0;
				TARGETED_DEVICE_FAMILY = "1,2";
				TEST_HOST = "$(BUILT_PRODUCTS_DIR)/XRAI.app/XRAI";
			};
			name = Release;
		};
		4C8A57F325828691001948A6 /* Debug */ = {
			isa = XCBuildConfiguration;
			buildSettings = {
				ALWAYS_EMBED_SWIFT_STANDARD_LIBRARIES = YES;
				CODE_SIGN_STYLE = Automatic;
				DEVELOPMENT_TEAM = Q2WJ7VT82Z;
				INFOPLIST_FILE = XRAIUITests/Info.plist;
				LD_RUNPATH_SEARCH_PATHS = (
					"$(inherited)",
					"@executable_path/Frameworks",
					"@loader_path/Frameworks",
				);
				PRODUCT_BUNDLE_IDENTIFIER = "nass---co.XRAIUITests";
				PRODUCT_NAME = "$(TARGET_NAME)";
				SWIFT_VERSION = 5.0;
				TARGETED_DEVICE_FAMILY = "1,2";
				TEST_TARGET_NAME = XRAI;
			};
			name = Debug;
		};
		4C8A57F425828691001948A6 /* Release */ = {
			isa = XCBuildConfiguration;
			buildSettings = {
				ALWAYS_EMBED_SWIFT_STANDARD_LIBRARIES = YES;
				CODE_SIGN_STYLE = Automatic;
				DEVELOPMENT_TEAM = Q2WJ7VT82Z;
				INFOPLIST_FILE = XRAIUITests/Info.plist;
				LD_RUNPATH_SEARCH_PATHS = (
					"$(inherited)",
					"@executable_path/Frameworks",
					"@loader_path/Frameworks",
				);
				PRODUCT_BUNDLE_IDENTIFIER = "nass---co.XRAIUITests";
				PRODUCT_NAME = "$(TARGET_NAME)";
				SWIFT_VERSION = 5.0;
				TARGETED_DEVICE_FAMILY = "1,2";
				TEST_TARGET_NAME = XRAI;
			};
			name = Release;
		};
/* End XCBuildConfiguration section */

/* Begin XCConfigurationList section */
		4C8A57BD2582868D001948A6 /* Build configuration list for PBXProject "XRAI" */ = {
			isa = XCConfigurationList;
			buildConfigurations = (
				4C8A57EA25828691001948A6 /* Debug */,
				4C8A57EB25828691001948A6 /* Release */,
			);
			defaultConfigurationIsVisible = 0;
			defaultConfigurationName = Release;
		};
		4C8A57EC25828691001948A6 /* Build configuration list for PBXNativeTarget "XRAI" */ = {
			isa = XCConfigurationList;
			buildConfigurations = (
				4C8A57ED25828691001948A6 /* Debug */,
				4C8A57EE25828691001948A6 /* Release */,
			);
			defaultConfigurationIsVisible = 0;
			defaultConfigurationName = Release;
		};
		4C8A57EF25828691001948A6 /* Build configuration list for PBXNativeTarget "XRAITests" */ = {
			isa = XCConfigurationList;
			buildConfigurations = (
				4C8A57F025828691001948A6 /* Debug */,
				4C8A57F125828691001948A6 /* Release */,
			);
			defaultConfigurationIsVisible = 0;
			defaultConfigurationName = Release;
		};
		4C8A57F225828691001948A6 /* Build configuration list for PBXNativeTarget "XRAIUITests" */ = {
			isa = XCConfigurationList;
			buildConfigurations = (
				4C8A57F325828691001948A6 /* Debug */,
				4C8A57F425828691001948A6 /* Release */,
			);
			defaultConfigurationIsVisible = 0;
			defaultConfigurationName = Release;
		};
/* End XCConfigurationList section */
	};
	rootObject = 4C8A57BA2582868D001948A6 /* Project object */;
}
